#
# This file is autogenerated by pip-compile with Python 3.14
# by the following command:
#
#    pip-compile --output-file=requirements-api.lock requirements-api.txt
#
annotated-doc==0.0.5
    # via fastapi
annotated-types==0.8.0
    # via pydantic
anyio==4.14.2
    # via starlette
click==8.4.2
    # via uvicorn
colorama==0.4.6
    # via click
fastapi==0.141.1
    # via -r requirements-api.txt
h11==0.16.0
    # via uvicorn
idna==3.19
    # via anyio
psycopg2-binary==2.9.12
    # via -r requirements-api.txt
pydantic==2.13.4
    # via fastapi
pydantic-core==2.46.4
    # via pydantic
pyyaml==6.0.3
    # via -r requirements-api.txt
starlette==1.6.0
    # via
    #   -r requirements-api.txt
    #   fastapi
typing-extensions==4.16.0
    # via
    #   fastapi
    #   pydantic
    #   pydantic-core
    #   typing-inspection
typing-inspection==0.4.4
    # via
    #   fastapi
    #   pydantic
uvicorn==0.52.4
    # via -r requirements-api.txt
